
Microsoft Visual Studio Solution File, Format Version 12.00
# Visual Studio Version 16
VisualStudioVersion = 16.0.810.23
MinimumVisualStudioVersion = 10.0.40219.1
Project("{FAE04EC0-301F-11D3-BF4B-00C04F79EFBC}") = "CSapp", "CSapp\CSapp.csproj", "{2BE773D3-DB2A-49BD-A0DA-1A2953464EA3}"
EndProject
Global
	GlobalSection(SolutionConfigurationPlatforms) = preSolution
		Debug|Any CPU = Debug|Any CPU
		Release|Any CPU = Release|Any CPU
	EndGlobalSection
	GlobalSection(ProjectConfigurationPlatforms) = postSolution
		{2BE773D3-DB2A-49BD-A0DA-1A2953464EA3}.Debug|Any CPU.ActiveCfg = Debug|Any CPU
		{2BE773D3-DB2A-49BD-A0DA-1A2953464EA3}.Debug|Any CPU.Build.0 = Debug|Any CPU
		{2BE773D3-DB2A-49BD-A0DA-1A2953464EA3}.Release|Any CPU.ActiveCfg = Release|Any CPU
		{2BE773D3-DB2A-49BD-A0DA-1A2953464EA3}.Release|Any CPU.Build.0 = Release|Any CPU
	EndGlobalSection
	GlobalSection(SolutionProperties) = preSolution
		HideSolutionNode = FALSE
	EndGlobalSection
	GlobalSection(ExtensibilityGlobals) = postSolution
		SolutionGuid = {85CF50B6-3900-406A-A3F1-0130AAD37072}
	EndGlobalSection
EndGlobal
